
Microsoft Visual Studio Solution File, Format Version 12.00
# Visual Studio 15
VisualStudioVersion = 15.0.28218.60
MinimumVisualStudioVersion = 10.0.40219.1
Project("{FAE04EC0-301F-11D3-BF4B-00C04F79EFBC}") = "WebAndLoadTestProject1", "WebAndLoadTestProject1\WebAndLoadTestProject1.csproj", "{F37F5FF3-6E3A-494F-85ED-195E8850A0E9}"
EndProject
Project("{2150E333-8FDC-42A3-9474-1A3956D46DE8}") = "Solution Items", "Solution Items", "{A365B7DF-5073-4DE6-BB29-083CAEC82393}"
	ProjectSection(SolutionItems) = preProject
		Local.testsettings = Local.testsettings
	EndProjectSection
EndProject
Global
	GlobalSection(SolutionConfigurationPlatforms) = preSolution
		Debug|Any CPU = Debug|Any CPU
		Release|Any CPU = Release|Any CPU
	EndGlobalSection
	GlobalSection(ProjectConfigurationPlatforms) = postSolution
		{F37F5FF3-6E3A-494F-85ED-195E8850A0E9}.Debug|Any CPU.ActiveCfg = Debug|Any CPU
		{F37F5FF3-6E3A-494F-85ED-195E8850A0E9}.Debug|Any CPU.Build.0 = Debug|Any CPU
		{F37F5FF3-6E3A-494F-85ED-195E8850A0E9}.Release|Any CPU.ActiveCfg = Release|Any CPU
		{F37F5FF3-6E3A-494F-85ED-195E8850A0E9}.Release|Any CPU.Build.0 = Release|Any CPU
	EndGlobalSection
	GlobalSection(SolutionProperties) = preSolution
		HideSolutionNode = FALSE
	EndGlobalSection
EndGlobal
